
Microsoft Visual Studio Solution File, Format Version 12.00
# Visual Studio Version 16
VisualStudioVersion = 16.0.30804.86
MinimumVisualStudioVersion = 10.0.40219.1
Project("{9A19103F-16F7-4668-BE54-9A1E7A4F7556}") = "DataAccess", "DataAccess\DataAccess.csproj", "{591766CB-1BBD-4496-AF13-9C7B767A6AB9}"
EndProject
Project("{9A19103F-16F7-4668-BE54-9A1E7A4F7556}") = "Business", "Business\Business.csproj", "{F5C9BE6F-E08B-4BC8-914D-4B549F4B29D4}"
EndProject
Project("{9A19103F-16F7-4668-BE54-9A1E7A4F7556}") = "Entities", "Entities\Entities.csproj", "{89EDC982-7EB8-4A3A-B55A-280812A63E5D}"
EndProject
Project("{9A19103F-16F7-4668-BE54-9A1E7A4F7556}") = "ConsoleUI", "ConsoleUI\ConsoleUI.csproj", "{8D2CCC10-A505-47F2-A7BE-7E31B9C60B22}"
EndProject
Project("{9A19103F-16F7-4668-BE54-9A1E7A4F7556}") = "Core", "Core\Core.csproj", "{4C53FC24-AB34-40F3-9B14-1858D5F25CD8}"
EndProject
Project("{FAE04EC0-301F-11D3-BF4B-00C04F79EFBC}") = "WebAPI", "WebAPI\WebAPI.csproj", "{ADB2C3FD-B748-430F-8FF2-14740BCEDB71}"
EndProject
Global
	GlobalSection(SolutionConfigurationPlatforms) = preSolution
		Debug|Any CPU = Debug|Any CPU
		Release|Any CPU = Release|Any CPU
	EndGlobalSection
	GlobalSection(ProjectConfigurationPlatforms) = postSolution
		{591766CB-1BBD-4496-AF13-9C7B767A6AB9}.Debug|Any CPU.ActiveCfg = Debug|Any CPU
		{591766CB-1BBD-4496-AF13-9C7B767A6AB9}.Debug|Any CPU.Build.0 = Debug|Any CPU
		{591766CB-1BBD-4496-AF13-9C7B767A6AB9}.Release|Any CPU.ActiveCfg = Release|Any CPU
		{591766CB-1BBD-4496-AF13-9C7B767A6AB9}.Release|Any CPU.Build.0 = Release|Any CPU
		{F5C9BE6F-E08B-4BC8-914D-4B549F4B29D4}.Debug|Any CPU.ActiveCfg = Debug|Any CPU
		{F5C9BE6F-E08B-4BC8-914D-4B549F4B29D4}.Debug|Any CPU.Build.0 = Debug|Any CPU
		{F5C9BE6F-E08B-4BC8-914D-4B549F4B29D4}.Release|Any CPU.ActiveCfg = Release|Any CPU
		{F5C9BE6F-E08B-4BC8-914D-4B549F4B29D4}.Release|Any CPU.Build.0 = Release|Any CPU
		{89EDC982-7EB8-4A3A-B55A-280812A63E5D}.Debug|Any CPU.ActiveCfg = Debug|Any CPU
		{89EDC982-7EB8-4A3A-B55A-280812A63E5D}.Debug|Any CPU.Build.0 = Debug|Any CPU
		{89EDC982-7EB8-4A3A-B55A-280812A63E5D}.Release|Any CPU.ActiveCfg = Release|Any CPU
		{89EDC982-7EB8-4A3A-B55A-280812A63E5D}.Release|Any CPU.Build.0 = Release|Any CPU
		{8D2CCC10-A505-47F2-A7BE-7E31B9C60B22}.Debug|Any CPU.ActiveCfg = Debug|Any CPU
		{8D2CCC10-A505-47F2-A7BE-7E31B9C60B22}.Debug|Any CPU.Build.0 = Debug|Any CPU
		{8D2CCC10-A505-47F2-A7BE-7E31B9C60B22}.Release|Any CPU.ActiveCfg = Release|Any CPU
		{8D2CCC10-A505-47F2-A7BE-7E31B9C60B22}.Release|Any CPU.Build.0 = Release|Any CPU
		{4C53FC24-AB34-40F3-9B14-1858D5F25CD8}.Debug|Any CPU.ActiveCfg = Debug|Any CPU
		{4C53FC24-AB34-40F3-9B14-1858D5F25CD8}.Debug|Any CPU.Build.0 = Debug|Any CPU
		{4C53FC24-AB34-40F3-9B14-1858D5F25CD8}.Release|Any CPU.ActiveCfg = Release|Any CPU
		{4C53FC24-AB34-40F3-9B14-1858D5F25CD8}.Release|Any CPU.Build.0 = Release|Any CPU
		{ADB2C3FD-B748-430F-8FF2-14740BCEDB71}.Debug|Any CPU.ActiveCfg = Debug|Any CPU
		{ADB2C3FD-B748-430F-8FF2-14740BCEDB71}.Debug|Any CPU.Build.0 = Debug|Any CPU
		{ADB2C3FD-B748-430F-8FF2-14740BCEDB71}.Release|Any CPU.ActiveCfg = Release|Any CPU
		{ADB2C3FD-B748-430F-8FF2-14740BCEDB71}.Release|Any CPU.Build.0 = Release|Any CPU
	EndGlobalSection
	GlobalSection(SolutionProperties) = preSolution
		HideSolutionNode = FALSE
	EndGlobalSection
	GlobalSection(ExtensibilityGlobals) = postSolution
		SolutionGuid = {A90AC75D-CC33-46A7-A914-4069AC6E1FC1}
	EndGlobalSection
EndGlobal
